
Microsoft Visual Studio Solution File, Format Version 12.00
# Visual Studio Version 17
VisualStudioVersion = 17.0.32112.339
MinimumVisualStudioVersion = 10.0.40219.1
Project("{2150E333-8FDC-42A3-9474-1A3956D46DE8}") = "src", "src", "{9CA108C4-EE50-4C42-BD81-6A517CBA8228}"
EndProject
Project("{2150E333-8FDC-42A3-9474-1A3956D46DE8}") = "Application", "Application", "{C6E5FC1F-E670-4C7B-9BC9-9631E319D3E5}"
EndProject
Project("{9A19103F-16F7-4668-BE54-9A1E7A4F7556}") = "CommandWebHost", "src\Application\CommandWebHost\CommandWebHost.csproj", "{4E4CEE50-8AF0-44FB-89F7-1F0B1B8EA368}"
EndProject
Project("{9A19103F-16F7-4668-BE54-9A1E7A4F7556}") = "Commands", "src\Application\Commands\Commands.csproj", "{9D995DA0-8043-498A-8BBE-2C2A1E1FD320}"
EndProject
Project("{2150E333-8FDC-42A3-9474-1A3956D46DE8}") = "Shared", "Shared", "{0A0F6109-DFEF-4F68-B047-9DD5E4CCBFC3}"
EndProject
Project("{9A19103F-16F7-4668-BE54-9A1E7A4F7556}") = "Core", "src\Shared\Core\Core.csproj", "{41AE9A2B-7399-4801-887A-DA4735B5AB8F}"
EndProject
Project("{9A19103F-16F7-4668-BE54-9A1E7A4F7556}") = "Host.WebApi", "src\Shared\Host.WebApi\Host.WebApi.csproj", "{2ECF8176-E55C-45D9-A047-16FD2113D5B8}"
EndProject
Project("{9A19103F-16F7-4668-BE54-9A1E7A4F7556}") = "SerilogConfiguration", "src\Shared\SerilogConfiguration\SerilogConfiguration.csproj", "{FF8982E4-335B-4BAA-8FA9-6A7386059E89}"
EndProject
Project("{9A19103F-16F7-4668-BE54-9A1E7A4F7556}") = "Swagger", "src\Shared\Swagger\Swagger.csproj", "{337CBCA5-16B8-4857-8F32-9A8DF32B427A}"
EndProject
Project("{2150E333-8FDC-42A3-9474-1A3956D46DE8}") = "Libraries", "Libraries", "{B7F8D12F-FA28-4EF1-88E3-221BC7685707}"
EndProject
Project("{9A19103F-16F7-4668-BE54-9A1E7A4F7556}") = "CommandHandlers", "src\Application\CommandHandlers\CommandHandlers.csproj", "{C9C8384D-2A40-4EBB-A79D-659BFE0AE22E}"
EndProject
Project("{2150E333-8FDC-42A3-9474-1A3956D46DE8}") = "Domain", "Domain", "{FC03B907-D644-42C0-85CB-2598B77DB827}"
EndProject
Project("{9A19103F-16F7-4668-BE54-9A1E7A4F7556}") = "Aggregates", "src\Domain\Aggregates\Aggregates.csproj", "{68E8040D-F68A-44CF-A244-8E04168A5E7A}"
EndProject
Project("{9A19103F-16F7-4668-BE54-9A1E7A4F7556}") = "Events", "src\Domain\Events\Events.csproj", "{F8B39E4E-E55B-4E39-A66E-168770C37FA0}"
EndProject
Project("{9A19103F-16F7-4668-BE54-9A1E7A4F7556}") = "Entities", "src\Domain\Entities\Entities.csproj", "{B13F7963-B0D7-4F37-B540-34EFA91C8DCB}"
EndProject
Project("{9A19103F-16F7-4668-BE54-9A1E7A4F7556}") = "ValueObjects", "src\Domain\ValueObjects\ValueObjects.csproj", "{1AFA52FF-6325-4130-BD53-40E8D28AC850}"
EndProject
Global
	GlobalSection(SolutionConfigurationPlatforms) = preSolution
		Debug|Any CPU = Debug|Any CPU
		Release|Any CPU = Release|Any CPU
	EndGlobalSection
	GlobalSection(ProjectConfigurationPlatforms) = postSolution
		{4E4CEE50-8AF0-44FB-89F7-1F0B1B8EA368}.Debug|Any CPU.ActiveCfg = Debug|Any CPU
		{4E4CEE50-8AF0-44FB-89F7-1F0B1B8EA368}.Debug|Any CPU.Build.0 = Debug|Any CPU
		{4E4CEE50-8AF0-44FB-89F7-1F0B1B8EA368}.Release|Any CPU.ActiveCfg = Release|Any CPU
		{4E4CEE50-8AF0-44FB-89F7-1F0B1B8EA368}.Release|Any CPU.Build.0 = Release|Any CPU
		{9D995DA0-8043-498A-8BBE-2C2A1E1FD320}.Debug|Any CPU.ActiveCfg = Debug|Any CPU
		{9D995DA0-8043-498A-8BBE-2C2A1E1FD320}.Debug|Any CPU.Build.0 = Debug|Any CPU
		{9D995DA0-8043-498A-8BBE-2C2A1E1FD320}.Release|Any CPU.ActiveCfg = Release|Any CPU
		{9D995DA0-8043-498A-8BBE-2C2A1E1FD320}.Release|Any CPU.Build.0 = Release|Any CPU
		{41AE9A2B-7399-4801-887A-DA4735B5AB8F}.Debug|Any CPU.ActiveCfg = Debug|Any CPU
		{41AE9A2B-7399-4801-887A-DA4735B5AB8F}.Debug|Any CPU.Build.0 = Debug|Any CPU
		{41AE9A2B-7399-4801-887A-DA4735B5AB8F}.Release|Any CPU.ActiveCfg = Release|Any CPU
		{41AE9A2B-7399-4801-887A-DA4735B5AB8F}.Release|Any CPU.Build.0 = Release|Any CPU
		{2ECF8176-E55C-45D9-A047-16FD2113D5B8}.Debug|Any CPU.ActiveCfg = Debug|Any CPU
		{2ECF8176-E55C-45D9-A047-16FD2113D5B8}.Debug|Any CPU.Build.0 = Debug|Any CPU
		{2ECF8176-E55C-45D9-A047-16FD2113D5B8}.Release|Any CPU.ActiveCfg = Release|Any CPU
		{2ECF8176-E55C-45D9-A047-16FD2113D5B8}.Release|Any CPU.Build.0 = Release|Any CPU
		{FF8982E4-335B-4BAA-8FA9-6A7386059E89}.Debug|Any CPU.ActiveCfg = Debug|Any CPU
		{FF8982E4-335B-4BAA-8FA9-6A7386059E89}.Debug|Any CPU.Build.0 = Debug|Any CPU
		{FF8982E4-335B-4BAA-8FA9-6A7386059E89}.Release|Any CPU.ActiveCfg = Release|Any CPU
		{FF8982E4-335B-4BAA-8FA9-6A7386059E89}.Release|Any CPU.Build.0 = Release|Any CPU
		{337CBCA5-16B8-4857-8F32-9A8DF32B427A}.Debug|Any CPU.ActiveCfg = Debug|Any CPU
		{337CBCA5-16B8-4857-8F32-9A8DF32B427A}.Debug|Any CPU.Build.0 = Debug|Any CPU
		{337CBCA5-16B8-4857-8F32-9A8DF32B427A}.Release|Any CPU.ActiveCfg = Release|Any CPU
		{337CBCA5-16B8-4857-8F32-9A8DF32B427A}.Release|Any CPU.Build.0 = Release|Any CPU
		{C9C8384D-2A40-4EBB-A79D-659BFE0AE22E}.Debug|Any CPU.ActiveCfg = Debug|Any CPU
		{C9C8384D-2A40-4EBB-A79D-659BFE0AE22E}.Debug|Any CPU.Build.0 = Debug|Any CPU
		{C9C8384D-2A40-4EBB-A79D-659BFE0AE22E}.Release|Any CPU.ActiveCfg = Release|Any CPU
		{C9C8384D-2A40-4EBB-A79D-659BFE0AE22E}.Release|Any CPU.Build.0 = Release|Any CPU
		{68E8040D-F68A-44CF-A244-8E04168A5E7A}.Debug|Any CPU.ActiveCfg = Debug|Any CPU
		{68E8040D-F68A-44CF-A244-8E04168A5E7A}.Debug|Any CPU.Build.0 = Debug|Any CPU
		{68E8040D-F68A-44CF-A244-8E04168A5E7A}.Release|Any CPU.ActiveCfg = Release|Any CPU
		{68E8040D-F68A-44CF-A244-8E04168A5E7A}.Release|Any CPU.Build.0 = Release|Any CPU
		{F8B39E4E-E55B-4E39-A66E-168770C37FA0}.Debug|Any CPU.ActiveCfg = Debug|Any CPU
		{F8B39E4E-E55B-4E39-A66E-168770C37FA0}.Debug|Any CPU.Build.0 = Debug|Any CPU
		{F8B39E4E-E55B-4E39-A66E-168770C37FA0}.Release|Any CPU.ActiveCfg = Release|Any CPU
		{F8B39E4E-E55B-4E39-A66E-168770C37FA0}.Release|Any CPU.Build.0 = Release|Any CPU
		{B13F7963-B0D7-4F37-B540-34EFA91C8DCB}.Debug|Any CPU.ActiveCfg = Debug|Any CPU
		{B13F7963-B0D7-4F37-B540-34EFA91C8DCB}.Debug|Any CPU.Build.0 = Debug|Any CPU
		{B13F7963-B0D7-4F37-B540-34EFA91C8DCB}.Release|Any CPU.ActiveCfg = Release|Any CPU
		{B13F7963-B0D7-4F37-B540-34EFA91C8DCB}.Release|Any CPU.Build.0 = Release|Any CPU
		{1AFA52FF-6325-4130-BD53-40E8D28AC850}.Debug|Any CPU.ActiveCfg = Debug|Any CPU
		{1AFA52FF-6325-4130-BD53-40E8D28AC850}.Debug|Any CPU.Build.0 = Debug|Any CPU
		{1AFA52FF-6325-4130-BD53-40E8D28AC850}.Release|Any CPU.ActiveCfg = Release|Any CPU
		{1AFA52FF-6325-4130-BD53-40E8D28AC850}.Release|Any CPU.Build.0 = Release|Any CPU
	EndGlobalSection
	GlobalSection(SolutionProperties) = preSolution
		HideSolutionNode = FALSE
	EndGlobalSection
	GlobalSection(NestedProjects) = preSolution
		{C6E5FC1F-E670-4C7B-9BC9-9631E319D3E5} = {9CA108C4-EE50-4C42-BD81-6A517CBA8228}
		{4E4CEE50-8AF0-44FB-89F7-1F0B1B8EA368} = {C6E5FC1F-E670-4C7B-9BC9-9631E319D3E5}
		{9D995DA0-8043-498A-8BBE-2C2A1E1FD320} = {C6E5FC1F-E670-4C7B-9BC9-9631E319D3E5}
		{0A0F6109-DFEF-4F68-B047-9DD5E4CCBFC3} = {9CA108C4-EE50-4C42-BD81-6A517CBA8228}
		{41AE9A2B-7399-4801-887A-DA4735B5AB8F} = {B7F8D12F-FA28-4EF1-88E3-221BC7685707}
		{2ECF8176-E55C-45D9-A047-16FD2113D5B8} = {B7F8D12F-FA28-4EF1-88E3-221BC7685707}
		{FF8982E4-335B-4BAA-8FA9-6A7386059E89} = {B7F8D12F-FA28-4EF1-88E3-221BC7685707}
		{337CBCA5-16B8-4857-8F32-9A8DF32B427A} = {B7F8D12F-FA28-4EF1-88E3-221BC7685707}
		{B7F8D12F-FA28-4EF1-88E3-221BC7685707} = {0A0F6109-DFEF-4F68-B047-9DD5E4CCBFC3}
		{C9C8384D-2A40-4EBB-A79D-659BFE0AE22E} = {C6E5FC1F-E670-4C7B-9BC9-9631E319D3E5}
		{FC03B907-D644-42C0-85CB-2598B77DB827} = {9CA108C4-EE50-4C42-BD81-6A517CBA8228}
		{68E8040D-F68A-44CF-A244-8E04168A5E7A} = {FC03B907-D644-42C0-85CB-2598B77DB827}
		{F8B39E4E-E55B-4E39-A66E-168770C37FA0} = {FC03B907-D644-42C0-85CB-2598B77DB827}
		{B13F7963-B0D7-4F37-B540-34EFA91C8DCB} = {FC03B907-D644-42C0-85CB-2598B77DB827}
		{1AFA52FF-6325-4130-BD53-40E8D28AC850} = {FC03B907-D644-42C0-85CB-2598B77DB827}
	EndGlobalSection
	GlobalSection(ExtensibilityGlobals) = postSolution
		SolutionGuid = {E9D32F58-AAB3-428F-9427-9C611922D6E8}
	EndGlobalSection
EndGlobal
