
Microsoft Visual Studio Solution File, Format Version 12.00
# Visual Studio Version 17
VisualStudioVersion = 17.1.32210.238
MinimumVisualStudioVersion = 10.0.40219.1
Project("{2150E333-8FDC-42A3-9474-1A3956D46DE8}") = "src", "src", "{D20D6113-9F4A-4071-BA85-8AE9B1AAA702}"
EndProject
Project("{9A19103F-16F7-4668-BE54-9A1E7A4F7556}") = "Application", "src\Application\Application.csproj", "{3DC9BA98-BFFE-419E-98F7-7FA96E715305}"
EndProject
Project("{9A19103F-16F7-4668-BE54-9A1E7A4F7556}") = "APIService", "src\APIService\APIService.csproj", "{228ACD08-187A-4420-B812-DF732AF76635}"
EndProject
Project("{9A19103F-16F7-4668-BE54-9A1E7A4F7556}") = "Domain", "src\Domain\Domain.csproj", "{DEC99F2B-B797-4DDC-845D-3B7C94FD678B}"
EndProject
Project("{9A19103F-16F7-4668-BE54-9A1E7A4F7556}") = "Infrastructure", "src\Infrastructure\Infrastructure.csproj", "{FC92C5D2-CD7D-495D-AEEB-BADEC52607D3}"
EndProject
Project("{9A19103F-16F7-4668-BE54-9A1E7A4F7556}") = "Integration.AzureFunc", "src\Integration.AzureFunc\Integration.AzureFunc.csproj", "{F9A02A55-F085-4109-87C6-0171C7D5F0A8}"
EndProject
Project("{9A19103F-16F7-4668-BE54-9A1E7A4F7556}") = "Integration.Events", "src\Integration.Events\Integration.Events.csproj", "{A18ECBC6-BF58-48A0-B570-C81A43DE27A0}"
EndProject
Project("{2150E333-8FDC-42A3-9474-1A3956D46DE8}") = "Integration", "Integration", "{C7F5D771-E9A2-40EE-864B-88688B02B8A7}"
EndProject
Project("{FAE04EC0-301F-11D3-BF4B-00C04F79EFBC}") = "Framework", "src\Framework\Framework.csproj", "{091F54D6-5B8F-4C96-8BD6-3012511429C0}"
EndProject
Global
	GlobalSection(SolutionConfigurationPlatforms) = preSolution
		Debug|Any CPU = Debug|Any CPU
		Release|Any CPU = Release|Any CPU
	EndGlobalSection
	GlobalSection(ProjectConfigurationPlatforms) = postSolution
		{3DC9BA98-BFFE-419E-98F7-7FA96E715305}.Debug|Any CPU.ActiveCfg = Debug|Any CPU
		{3DC9BA98-BFFE-419E-98F7-7FA96E715305}.Debug|Any CPU.Build.0 = Debug|Any CPU
		{3DC9BA98-BFFE-419E-98F7-7FA96E715305}.Release|Any CPU.ActiveCfg = Release|Any CPU
		{3DC9BA98-BFFE-419E-98F7-7FA96E715305}.Release|Any CPU.Build.0 = Release|Any CPU
		{228ACD08-187A-4420-B812-DF732AF76635}.Debug|Any CPU.ActiveCfg = Debug|Any CPU
		{228ACD08-187A-4420-B812-DF732AF76635}.Debug|Any CPU.Build.0 = Debug|Any CPU
		{228ACD08-187A-4420-B812-DF732AF76635}.Release|Any CPU.ActiveCfg = Release|Any CPU
		{228ACD08-187A-4420-B812-DF732AF76635}.Release|Any CPU.Build.0 = Release|Any CPU
		{DEC99F2B-B797-4DDC-845D-3B7C94FD678B}.Debug|Any CPU.ActiveCfg = Debug|Any CPU
		{DEC99F2B-B797-4DDC-845D-3B7C94FD678B}.Debug|Any CPU.Build.0 = Debug|Any CPU
		{DEC99F2B-B797-4DDC-845D-3B7C94FD678B}.Release|Any CPU.ActiveCfg = Release|Any CPU
		{DEC99F2B-B797-4DDC-845D-3B7C94FD678B}.Release|Any CPU.Build.0 = Release|Any CPU
		{FC92C5D2-CD7D-495D-AEEB-BADEC52607D3}.Debug|Any CPU.ActiveCfg = Debug|Any CPU
		{FC92C5D2-CD7D-495D-AEEB-BADEC52607D3}.Debug|Any CPU.Build.0 = Debug|Any CPU
		{FC92C5D2-CD7D-495D-AEEB-BADEC52607D3}.Release|Any CPU.ActiveCfg = Release|Any CPU
		{FC92C5D2-CD7D-495D-AEEB-BADEC52607D3}.Release|Any CPU.Build.0 = Release|Any CPU
		{F9A02A55-F085-4109-87C6-0171C7D5F0A8}.Debug|Any CPU.ActiveCfg = Debug|Any CPU
		{F9A02A55-F085-4109-87C6-0171C7D5F0A8}.Debug|Any CPU.Build.0 = Debug|Any CPU
		{F9A02A55-F085-4109-87C6-0171C7D5F0A8}.Release|Any CPU.ActiveCfg = Release|Any CPU
		{F9A02A55-F085-4109-87C6-0171C7D5F0A8}.Release|Any CPU.Build.0 = Release|Any CPU
		{A18ECBC6-BF58-48A0-B570-C81A43DE27A0}.Debug|Any CPU.ActiveCfg = Debug|Any CPU
		{A18ECBC6-BF58-48A0-B570-C81A43DE27A0}.Debug|Any CPU.Build.0 = Debug|Any CPU
		{A18ECBC6-BF58-48A0-B570-C81A43DE27A0}.Release|Any CPU.ActiveCfg = Release|Any CPU
		{A18ECBC6-BF58-48A0-B570-C81A43DE27A0}.Release|Any CPU.Build.0 = Release|Any CPU
		{091F54D6-5B8F-4C96-8BD6-3012511429C0}.Debug|Any CPU.ActiveCfg = Debug|Any CPU
		{091F54D6-5B8F-4C96-8BD6-3012511429C0}.Debug|Any CPU.Build.0 = Debug|Any CPU
		{091F54D6-5B8F-4C96-8BD6-3012511429C0}.Release|Any CPU.ActiveCfg = Release|Any CPU
		{091F54D6-5B8F-4C96-8BD6-3012511429C0}.Release|Any CPU.Build.0 = Release|Any CPU
	EndGlobalSection
	GlobalSection(SolutionProperties) = preSolution
		HideSolutionNode = FALSE
	EndGlobalSection
	GlobalSection(NestedProjects) = preSolution
		{3DC9BA98-BFFE-419E-98F7-7FA96E715305} = {D20D6113-9F4A-4071-BA85-8AE9B1AAA702}
		{228ACD08-187A-4420-B812-DF732AF76635} = {D20D6113-9F4A-4071-BA85-8AE9B1AAA702}
		{DEC99F2B-B797-4DDC-845D-3B7C94FD678B} = {D20D6113-9F4A-4071-BA85-8AE9B1AAA702}
		{FC92C5D2-CD7D-495D-AEEB-BADEC52607D3} = {D20D6113-9F4A-4071-BA85-8AE9B1AAA702}
		{F9A02A55-F085-4109-87C6-0171C7D5F0A8} = {C7F5D771-E9A2-40EE-864B-88688B02B8A7}
		{A18ECBC6-BF58-48A0-B570-C81A43DE27A0} = {C7F5D771-E9A2-40EE-864B-88688B02B8A7}
		{C7F5D771-E9A2-40EE-864B-88688B02B8A7} = {D20D6113-9F4A-4071-BA85-8AE9B1AAA702}
		{091F54D6-5B8F-4C96-8BD6-3012511429C0} = {D20D6113-9F4A-4071-BA85-8AE9B1AAA702}
	EndGlobalSection
	GlobalSection(ExtensibilityGlobals) = postSolution
		SolutionGuid = {4BD55F3F-0076-4EF1-93E6-DFD1551F31D8}
	EndGlobalSection
EndGlobal
